// !$*UTF8*$!
{
	archiveVersion = 1;
	classes = {
	};
	objectVersion = 46;
	objects = {

/* Begin PBXBuildFile section */
		6DCFC3DC1C853020006E1941 /* README.md in Sources */ = {isa = PBXBuildFile; fileRef = 6DCFC3DB1C853020006E1941 /* README.md */; };
		6DCFC3DF1C85307F006E1941 /* TableSource.swift in Sources */ = {isa = PBXBuildFile; fileRef = 6DCFC3DE1C85307F006E1941 /* TableSource.swift */; };
		6DDCC7021C8568B900B2ACED /* tableViewDataSource.codesnippet in Resources */ = {isa = PBXBuildFile; fileRef = 6DDCC7001C8568B900B2ACED /* tableViewDataSource.codesnippet */; };
		6DDCC7031C8568B900B2ACED /* tableViewDelegate.codesnippet in Resources */ = {isa = PBXBuildFile; fileRef = 6DDCC7011C8568B900B2ACED /* tableViewDelegate.codesnippet */; };
		6DFF5E671C852E63007F2D6C /* AppDelegate.swift in Sources */ = {isa = PBXBuildFile; fileRef = 6DFF5E661C852E63007F2D6C /* AppDelegate.swift */; };
		6DFF5E691C852E63007F2D6C /* ViewController.swift in Sources */ = {isa = PBXBuildFile; fileRef = 6DFF5E681C852E63007F2D6C /* ViewController.swift */; };
		6DFF5E6C1C852E63007F2D6C /* Main.storyboard in Resources */ = {isa = PBXBuildFile; fileRef = 6DFF5E6A1C852E63007F2D6C /* Main.storyboard */; };
		6DFF5E6E1C852E63007F2D6C /* Assets.xcassets in Resources */ = {isa = PBXBuildFile; fileRef = 6DFF5E6D1C852E63007F2D6C /* Assets.xcassets */; };
		6DFF5E711C852E63007F2D6C /* LaunchScreen.storyboard in Resources */ = {isa = PBXBuildFile; fileRef = 6DFF5E6F1C852E63007F2D6C /* LaunchScreen.storyboard */; };
		8C0A33DD1C8582C200FB2030 /* collectionViewDataSource.codesnippet in Resources */ = {isa = PBXBuildFile; fileRef = 8C0A33DC1C8582C200FB2030 /* collectionViewDataSource.codesnippet */; };
		B958BBF01C85850400E00B0E /* dispatch_async.codesnippet in Resources */ = {isa = PBXBuildFile; fileRef = B958BBED1C85850400E00B0E /* dispatch_async.codesnippet */; };
		B958BBF11C85850400E00B0E /* dispatch_group_notify.codesnippet in Resources */ = {isa = PBXBuildFile; fileRef = B958BBEE1C85850400E00B0E /* dispatch_group_notify.codesnippet */; };
		B958BBF21C85850400E00B0E /* dispatch_after.codesnippet in Resources */ = {isa = PBXBuildFile; fileRef = B958BBEF1C85850400E00B0E /* dispatch_after.codesnippet */; };
/* End PBXBuildFile section */

/* Begin PBXFileReference section */
		6DCFC3DB1C853020006E1941 /* README.md */ = {isa = PBXFileReference; fileEncoding = 4; lastKnownFileType = net.daringfireball.markdown; path = README.md; sourceTree = "<group>"; };
		6DCFC3DE1C85307F006E1941 /* TableSource.swift */ = {isa = PBXFileReference; fileEncoding = 4; lastKnownFileType = sourcecode.swift; path = TableSource.swift; sourceTree = "<group>"; };
		6DDCC6FE1C8568B200B2ACED /* SwiftSnippets.playground */ = {isa = PBXFileReference; lastKnownFileType = file.playground; path = SwiftSnippets.playground; sourceTree = "<group>"; };
		6DDCC7001C8568B900B2ACED /* tableViewDataSource.codesnippet */ = {isa = PBXFileReference; fileEncoding = 4; lastKnownFileType = text.xml; path = tableViewDataSource.codesnippet; sourceTree = "<group>"; };
		6DDCC7011C8568B900B2ACED /* tableViewDelegate.codesnippet */ = {isa = PBXFileReference; fileEncoding = 4; lastKnownFileType = text.xml; path = tableViewDelegate.codesnippet; sourceTree = "<group>"; };
		6DFF5E631C852E63007F2D6C /* SwiftSnippets.app */ = {isa = PBXFileReference; explicitFileType = wrapper.application; includeInIndex = 0; path = SwiftSnippets.app; sourceTree = BUILT_PRODUCTS_DIR; };
		6DFF5E661C852E63007F2D6C /* AppDelegate.swift */ = {isa = PBXFileReference; lastKnownFileType = sourcecode.swift; path = AppDelegate.swift; sourceTree = "<group>"; };
		6DFF5E681C852E63007F2D6C /* ViewController.swift */ = {isa = PBXFileReference; lastKnownFileType = sourcecode.swift; path = ViewController.swift; sourceTree = "<group>"; };
		6DFF5E6B1C852E63007F2D6C /* Base */ = {isa = PBXFileReference; lastKnownFileType = file.storyboard; name = Base; path = Base.lproj/Main.storyboard; sourceTree = "<group>"; };
		6DFF5E6D1C852E63007F2D6C /* Assets.xcassets */ = {isa = PBXFileReference; lastKnownFileType = folder.assetcatalog; path = Assets.xcassets; sourceTree = "<group>"; };
		6DFF5E701C852E63007F2D6C /* Base */ = {isa = PBXFileReference; lastKnownFileType = file.storyboard; name = Base; path = Base.lproj/LaunchScreen.storyboard; sourceTree = "<group>"; };
		6DFF5E721C852E63007F2D6C /* Info.plist */ = {isa = PBXFileReference; lastKnownFileType = text.plist.xml; path = Info.plist; sourceTree = "<group>"; };
		8C0A33DC1C8582C200FB2030 /* collectionViewDataSource.codesnippet */ = {isa = PBXFileReference; fileEncoding = 4; lastKnownFileType = text.xml; path = collectionViewDataSource.codesnippet; sourceTree = "<group>"; };
		B958BBED1C85850400E00B0E /* dispatch_async.codesnippet */ = {isa = PBXFileReference; fileEncoding = 4; lastKnownFileType = text.xml; path = dispatch_async.codesnippet; sourceTree = "<group>"; };
		B958BBEE1C85850400E00B0E /* dispatch_group_notify.codesnippet */ = {isa = PBXFileReference; fileEncoding = 4; lastKnownFileType = text.xml; path = dispatch_group_notify.codesnippet; sourceTree = "<group>"; };
		B958BBEF1C85850400E00B0E /* dispatch_after.codesnippet */ = {isa = PBXFileReference; fileEncoding = 4; lastKnownFileType = text.xml; path = dispatch_after.codesnippet; sourceTree = "<group>"; };
/* End PBXFileReference section */

/* Begin PBXFrameworksBuildPhase section */
		6DFF5E601C852E63007F2D6C /* Frameworks */ = {
			isa = PBXFrameworksBuildPhase;
			buildActionMask = 2147483647;
			files = (
			);
			runOnlyForDeploymentPostprocessing = 0;
		};
/* End PBXFrameworksBuildPhase section */

/* Begin PBXGroup section */
		6DCFC3DD1C85303C006E1941 /* tableView */ = {
			isa = PBXGroup;
			children = (
				6DCFC3DE1C85307F006E1941 /* TableSource.swift */,
			);
			name = tableView;
			sourceTree = "<group>";
		};
		6DDCC6FF1C8568B900B2ACED /* plist */ = {
			isa = PBXGroup;
			children = (
				B958BBED1C85850400E00B0E /* dispatch_async.codesnippet */,
				B958BBEE1C85850400E00B0E /* dispatch_group_notify.codesnippet */,
				B958BBEF1C85850400E00B0E /* dispatch_after.codesnippet */,
				6DDCC7001C8568B900B2ACED /* tableViewDataSource.codesnippet */,
				6DDCC7011C8568B900B2ACED /* tableViewDelegate.codesnippet */,
				8C0A33DC1C8582C200FB2030 /* collectionViewDataSource.codesnippet */,
			);
			path = plist;
			sourceTree = "<group>";
		};
		6DFF5E5A1C852E63007F2D6C = {
			isa = PBXGroup;
			children = (
				6DCFC3DB1C853020006E1941 /* README.md */,
				6DDCC6FF1C8568B900B2ACED /* plist */,
				6DFF5E651C852E63007F2D6C /* SwiftSnippets */,
				6DFF5E641C852E63007F2D6C /* Products */,
			);
			sourceTree = "<group>";
		};
		6DFF5E641C852E63007F2D6C /* Products */ = {
			isa = PBXGroup;
			children = (
				6DFF5E631C852E63007F2D6C /* SwiftSnippets.app */,
			);
			name = Products;
			sourceTree = "<group>";
		};
		6DFF5E651C852E63007F2D6C /* SwiftSnippets */ = {
			isa = PBXGroup;
			children = (
				6DFF5E661C852E63007F2D6C /* AppDelegate.swift */,
				6DDCC6FE1C8568B200B2ACED /* SwiftSnippets.playground */,
				6DCFC3DD1C85303C006E1941 /* tableView */,
				6DFF5E681C852E63007F2D6C /* ViewController.swift */,
				6DFF5E6A1C852E63007F2D6C /* Main.storyboard */,
				6DFF5E6D1C852E63007F2D6C /* Assets.xcassets */,
				6DFF5E6F1C852E63007F2D6C /* LaunchScreen.storyboard */,
				6DFF5E721C852E63007F2D6C /* Info.plist */,
			);
			path = SwiftSnippets;
			sourceTree = "<group>";
		};
/* End PBXGroup section */

/* Begin PBXNativeTarget section */
		6DFF5E621C852E63007F2D6C /* SwiftSnippets */ = {
			isa = PBXNativeTarget;
			buildConfigurationList = 6DFF5E751C852E63007F2D6C /* Build configuration list for PBXNativeTarget "SwiftSnippets" */;
			buildPhases = (
				6DFF5E5F1C852E63007F2D6C /* Sources */,
				6DFF5E601C852E63007F2D6C /* Frameworks */,
				6DFF5E611C852E63007F2D6C /* Resources */,
			);
			buildRules = (
			);
			dependencies = (
			);
			name = SwiftSnippets;
			productName = SwiftSnippets;
			productReference = 6DFF5E631C852E63007F2D6C /* SwiftSnippets.app */;
			productType = "com.apple.product-type.application";
		};
/* End PBXNativeTarget section */

/* Begin PBXProject section */
		6DFF5E5B1C852E63007F2D6C /* Project object */ = {
			isa = PBXProject;
			attributes = {
				LastSwiftUpdateCheck = 0720;
				LastUpgradeCheck = 0720;
				ORGANIZATIONNAME = leacode;
				TargetAttributes = {
					6DFF5E621C852E63007F2D6C = {
						CreatedOnToolsVersion = 7.2.1;
					};
				};
			};
			buildConfigurationList = 6DFF5E5E1C852E63007F2D6C /* Build configuration list for PBXProject "SwiftSnippets" */;
			compatibilityVersion = "Xcode 3.2";
			developmentRegion = English;
			hasScannedForEncodings = 0;
			knownRegions = (
				en,
				Base,
			);
			mainGroup = 6DFF5E5A1C852E63007F2D6C;
			productRefGroup = 6DFF5E641C852E63007F2D6C /* Products */;
			projectDirPath = "";
			projectRoot = "";
			targets = (
				6DFF5E621C852E63007F2D6C /* SwiftSnippets */,
			);
		};
/* End PBXProject section */

/* Begin PBXResourcesBuildPhase section */
		6DFF5E611C852E63007F2D6C /* Resources */ = {
			isa = PBXResourcesBuildPhase;
			buildActionMask = 2147483647;
			files = (
				6DFF5E711C852E63007F2D6C /* LaunchScreen.storyboard in Resources */,
				B958BBF21C85850400E00B0E /* dispatch_after.codesnippet in Resources */,
				6DDCC7031C8568B900B2ACED /* tableViewDelegate.codesnippet in Resources */,
				6DDCC7021C8568B900B2ACED /* tableViewDataSource.codesnippet in Resources */,
				B958BBF11C85850400E00B0E /* dispatch_group_notify.codesnippet in Resources */,
				6DFF5E6E1C852E63007F2D6C /* Assets.xcassets in Resources */,
				6DFF5E6C1C852E63007F2D6C /* Main.storyboard in Resources */,
				B958BBF01C85850400E00B0E /* dispatch_async.codesnippet in Resources */,
				8C0A33DD1C8582C200FB2030 /* collectionViewDataSource.codesnippet in Resources */,
			);
			runOnlyForDeploymentPostprocessing = 0;
		};
/* End PBXResourcesBuildPhase section */

/* Begin PBXSourcesBuildPhase section */
		6DFF5E5F1C852E63007F2D6C /* Sources */ = {
			isa = PBXSourcesBuildPhase;
			buildActionMask = 2147483647;
			files = (
				6DCFC3DC1C853020006E1941 /* README.md in Sources */,
				6DCFC3DF1C85307F006E1941 /* TableSource.swift in Sources */,
				6DFF5E691C852E63007F2D6C /* ViewController.swift in Sources */,
				6DFF5E671C852E63007F2D6C /* AppDelegate.swift in Sources */,
			);
			runOnlyForDeploymentPostprocessing = 0;
		};
/* End PBXSourcesBuildPhase section */

/* Begin PBXVariantGroup section */
		6DFF5E6A1C852E63007F2D6C /* Main.storyboard */ = {
			isa = PBXVariantGroup;
			children = (
				6DFF5E6B1C852E63007F2D6C /* Base */,
			);
			name = Main.storyboard;
			sourceTree = "<group>";
		};
		6DFF5E6F1C852E63007F2D6C /* LaunchScreen.storyboard */ = {
			isa = PBXVariantGroup;
			children = (
				6DFF5E701C852E63007F2D6C /* Base */,
			);
			name = LaunchScreen.storyboard;
			sourceTree = "<group>";
		};
/* End PBXVariantGroup section */

/* Begin XCBuildConfiguration section */
		6DFF5E731C852E63007F2D6C /* Debug */ = {
			isa = XCBuildConfiguration;
			buildSettings = {
				ALWAYS_SEARCH_USER_PATHS = NO;
				CLANG_CXX_LANGUAGE_STANDARD = "gnu++0x";
				CLANG_CXX_LIBRARY = "libc++";
				CLANG_ENABLE_MODULES = YES;
				CLANG_ENABLE_OBJC_ARC = YES;
				CLANG_WARN_BOOL_CONVERSION = YES;
				CLANG_WARN_CONSTANT_CONVERSION = YES;
				CLANG_WARN_DIRECT_OBJC_ISA_USAGE = YES_ERROR;
				CLANG_WARN_EMPTY_BODY = YES;
				CLANG_WARN_ENUM_CONVERSION = YES;
				CLANG_WARN_INT_CONVERSION = YES;
				CLANG_WARN_OBJC_ROOT_CLASS = YES_ERROR;
				CLANG_WARN_UNREACHABLE_CODE = YES;
				CLANG_WARN__DUPLICATE_METHOD_MATCH = YES;
				"CODE_SIGN_IDENTITY[sdk=iphoneos*]" = "iPhone Developer";
				COPY_PHASE_STRIP = NO;
				DEBUG_INFORMATION_FORMAT = dwarf;
				ENABLE_STRICT_OBJC_MSGSEND = YES;
				ENABLE_TESTABILITY = YES;
				GCC_C_LANGUAGE_STANDARD = gnu99;
				GCC_DYNAMIC_NO_PIC = NO;
				GCC_NO_COMMON_BLOCKS = YES;
				GCC_OPTIMIZATION_LEVEL = 0;
				GCC_PREPROCESSOR_DEFINITIONS = (
					"DEBUG=1",
					"$(inherited)",
				);
				GCC_WARN_64_TO_32_BIT_CONVERSION = YES;
				GCC_WARN_ABOUT_RETURN_TYPE = YES_ERROR;
				GCC_WARN_UNDECLARED_SELECTOR = YES;
				GCC_WARN_UNINITIALIZED_AUTOS = YES_AGGRESSIVE;
				GCC_WARN_UNUSED_FUNCTION = YES;
				GCC_WARN_UNUSED_VARIABLE = YES;
				IPHONEOS_DEPLOYMENT_TARGET = 9.2;
				MTL_ENABLE_DEBUG_INFO = YES;
				ONLY_ACTIVE_ARCH = YES;
				SDKROOT = iphoneos;
				SWIFT_OPTIMIZATION_LEVEL = "-Onone";
			};
			name = Debug;
		};
		6DFF5E741C852E63007F2D6C /* Release */ = {
			isa = XCBuildConfiguration;
			buildSettings = {
				ALWAYS_SEARCH_USER_PATHS = NO;
				CLANG_CXX_LANGUAGE_STANDARD = "gnu++0x";
				CLANG_CXX_LIBRARY = "libc++";
				CLANG_ENABLE_MODULES = YES;
				CLANG_ENABLE_OBJC_ARC = YES;
				CLANG_WARN_BOOL_CONVERSION = YES;
				CLANG_WARN_CONSTANT_CONVERSION = YES;
				CLANG_WARN_DIRECT_OBJC_ISA_USAGE = YES_ERROR;
				CLANG_WARN_EMPTY_BODY = YES;
				CLANG_WARN_ENUM_CONVERSION = YES;
				CLANG_WARN_INT_CONVERSION = YES;
				CLANG_WARN_OBJC_ROOT_CLASS = YES_ERROR;
				CLANG_WARN_UNREACHABLE_CODE = YES;
				CLANG_WARN__DUPLICATE_METHOD_MATCH = YES;
				"CODE_SIGN_IDENTITY[sdk=iphoneos*]" = "iPhone Developer";
				COPY_PHASE_STRIP = NO;
				DEBUG_INFORMATION_FORMAT = "dwarf-with-dsym";
				ENABLE_NS_ASSERTIONS = NO;
				ENABLE_STRICT_OBJC_MSGSEND = YES;
				GCC_C_LANGUAGE_STANDARD = gnu99;
				GCC_NO_COMMON_BLOCKS = YES;
				GCC_WARN_64_TO_32_BIT_CONVERSION = YES;
				GCC_WARN_ABOUT_RETURN_TYPE = YES_ERROR;
				GCC_WARN_UNDECLARED_SELECTOR = YES;
				GCC_WARN_UNINITIALIZED_AUTOS = YES_AGGRESSIVE;
				GCC_WARN_UNUSED_FUNCTION = YES;
				GCC_WARN_UNUSED_VARIABLE = YES;
				IPHONEOS_DEPLOYMENT_TARGET = 9.2;
				MTL_ENABLE_DEBUG_INFO = NO;
				SDKROOT = iphoneos;
				VALIDATE_PRODUCT = YES;
			};
			name = Release;
		};
		6DFF5E761C852E63007F2D6C /* Debug */ = {
			isa = XCBuildConfiguration;
			buildSettings = {
				ASSETCATALOG_COMPILER_APPICON_NAME = AppIcon;
				INFOPLIST_FILE = SwiftSnippets/Info.plist;
				LD_RUNPATH_SEARCH_PATHS = "$(inherited) @executable_path/Frameworks";
				PRODUCT_BUNDLE_IDENTIFIER = com.leacode.SwiftSnippets;
				PRODUCT_NAME = "$(TARGET_NAME)";
			};
			name = Debug;
		};
		6DFF5E771C852E63007F2D6C /* Release */ = {
			isa = XCBuildConfiguration;
			buildSettings = {
				ASSETCATALOG_COMPILER_APPICON_NAME = AppIcon;
				INFOPLIST_FILE = SwiftSnippets/Info.plist;
				LD_RUNPATH_SEARCH_PATHS = "$(inherited) @executable_path/Frameworks";
				PRODUCT_BUNDLE_IDENTIFIER = com.leacode.SwiftSnippets;
				PRODUCT_NAME = "$(TARGET_NAME)";
			};
			name = Release;
		};
/* End XCBuildConfiguration section */

/* Begin XCConfigurationList section */
		6DFF5E5E1C852E63007F2D6C /* Build configuration list for PBXProject "SwiftSnippets" */ = {
			isa = XCConfigurationList;
			buildConfigurations = (
				6DFF5E731C852E63007F2D6C /* Debug */,
				6DFF5E741C852E63007F2D6C /* Release */,
			);
			defaultConfigurationIsVisible = 0;
			defaultConfigurationName = Release;
		};
		6DFF5E751C852E63007F2D6C /* Build configuration list for PBXNativeTarget "SwiftSnippets" */ = {
			isa = XCConfigurationList;
			buildConfigurations = (
				6DFF5E761C852E63007F2D6C /* Debug */,
				6DFF5E771C852E63007F2D6C /* Release */,
			);
			defaultConfigurationIsVisible = 0;
			defaultConfigurationName = Release;
		};
/* End XCConfigurationList section */
	};
	rootObject = 6DFF5E5B1C852E63007F2D6C /* Project object */;
}
